// !$*UTF8*$!
{
	archiveVersion = 1;
	classes = {
	};
	objectVersion = 56;
	objects = {

/* Begin PBXBuildFile section */
		FD7EBC8A2B0257C700032805 /* TodoListApp.swift in Sources */ = {isa = PBXBuildFile; fileRef = FD7EBC892B0257C700032805 /* TodoListApp.swift */; };
		FD7EBC8E2B0257C800032805 /* Assets.xcassets in Resources */ = {isa = PBXBuildFile; fileRef = FD7EBC8D2B0257C800032805 /* Assets.xcassets */; };
		FD7EBC912B0257C800032805 /* Preview Assets.xcassets in Resources */ = {isa = PBXBuildFile; fileRef = FD7EBC902B0257C800032805 /* Preview Assets.xcassets */; };
		FD7EBC9B2B0257C800032805 /* TodoListTests.swift in Sources */ = {isa = PBXBuildFile; fileRef = FD7EBC9A2B0257C800032805 /* TodoListTests.swift */; };
		FD7EBCA52B0257C800032805 /* TodoListUITests.swift in Sources */ = {isa = PBXBuildFile; fileRef = FD7EBCA42B0257C800032805 /* TodoListUITests.swift */; };
		FD7EBCA72B0257C800032805 /* TodoListUITestsLaunchTests.swift in Sources */ = {isa = PBXBuildFile; fileRef = FD7EBCA62B0257C800032805 /* TodoListUITestsLaunchTests.swift */; };
		FD7EBCB52B02586B00032805 /* ListView.swift in Sources */ = {isa = PBXBuildFile; fileRef = FD7EBCB42B02586B00032805 /* ListView.swift */; };
		FD7EBCB72B04B2BA00032805 /* ListRowView.swift in Sources */ = {isa = PBXBuildFile; fileRef = FD7EBCB62B04B2BA00032805 /* ListRowView.swift */; };
		FD7EBCB92B04B5CE00032805 /* AddView.swift in Sources */ = {isa = PBXBuildFile; fileRef = FD7EBCB82B04B5CE00032805 /* AddView.swift */; };
		FD7EBCBC2B04C1AF00032805 /* ItemModel.swift in Sources */ = {isa = PBXBuildFile; fileRef = FD7EBCBB2B04C1AF00032805 /* ItemModel.swift */; };
		FD7EBCBF2B04D5FB00032805 /* ListViewModel.swift in Sources */ = {isa = PBXBuildFile; fileRef = FD7EBCBE2B04D5FB00032805 /* ListViewModel.swift */; };
		FD7EBCC12B06801400032805 /* NoItemsView.swift in Sources */ = {isa = PBXBuildFile; fileRef = FD7EBCC02B06801400032805 /* NoItemsView.swift */; };
		FD7EBCC42B069D1200032805 /* LaunchScreen.storyboard in Resources */ = {isa = PBXBuildFile; fileRef = FD7EBCC32B069D1200032805 /* LaunchScreen.storyboard */; };
/* End PBXBuildFile section */

/* Begin PBXContainerItemProxy section */
		FD7EBC972B0257C800032805 /* PBXContainerItemProxy */ = {
			isa = PBXContainerItemProxy;
			containerPortal = FD7EBC7E2B0257C700032805 /* Project object */;
			proxyType = 1;
			remoteGlobalIDString = FD7EBC852B0257C700032805;
			remoteInfo = TodoList;
		};
		FD7EBCA12B0257C800032805 /* PBXContainerItemProxy */ = {
			isa = PBXContainerItemProxy;
			containerPortal = FD7EBC7E2B0257C700032805 /* Project object */;
			proxyType = 1;
			remoteGlobalIDString = FD7EBC852B0257C700032805;
			remoteInfo = TodoList;
		};
/* End PBXContainerItemProxy section */

/* Begin PBXFileReference section */
		FD7EBC862B0257C700032805 /* TodoList.app */ = {isa = PBXFileReference; explicitFileType = wrapper.application; includeInIndex = 0; path = TodoList.app; sourceTree = BUILT_PRODUCTS_DIR; };
		FD7EBC892B0257C700032805 /* TodoListApp.swift */ = {isa = PBXFileReference; lastKnownFileType = sourcecode.swift; path = TodoListApp.swift; sourceTree = "<group>"; };
		FD7EBC8D2B0257C800032805 /* Assets.xcassets */ = {isa = PBXFileReference; lastKnownFileType = folder.assetcatalog; path = Assets.xcassets; sourceTree = "<group>"; };
		FD7EBC902B0257C800032805 /* Preview Assets.xcassets */ = {isa = PBXFileReference; lastKnownFileType = folder.assetcatalog; path = "Preview Assets.xcassets"; sourceTree = "<group>"; };
		FD7EBC962B0257C800032805 /* TodoListTests.xctest */ = {isa = PBXFileReference; explicitFileType = wrapper.cfbundle; includeInIndex = 0; path = TodoListTests.xctest; sourceTree = BUILT_PRODUCTS_DIR; };
		FD7EBC9A2B0257C800032805 /* TodoListTests.swift */ = {isa = PBXFileReference; lastKnownFileType = sourcecode.swift; path = TodoListTests.swift; sourceTree = "<group>"; };
		FD7EBCA02B0257C800032805 /* TodoListUITests.xctest */ = {isa = PBXFileReference; explicitFileType = wrapper.cfbundle; includeInIndex = 0; path = TodoListUITests.xctest; sourceTree = BUILT_PRODUCTS_DIR; };
		FD7EBCA42B0257C800032805 /* TodoListUITests.swift */ = {isa = PBXFileReference; lastKnownFileType = sourcecode.swift; path = TodoListUITests.swift; sourceTree = "<group>"; };
		FD7EBCA62B0257C800032805 /* TodoListUITestsLaunchTests.swift */ = {isa = PBXFileReference; lastKnownFileType = sourcecode.swift; path = TodoListUITestsLaunchTests.swift; sourceTree = "<group>"; };
		FD7EBCB42B02586B00032805 /* ListView.swift */ = {isa = PBXFileReference; lastKnownFileType = sourcecode.swift; path = ListView.swift; sourceTree = "<group>"; };
		FD7EBCB62B04B2BA00032805 /* ListRowView.swift */ = {isa = PBXFileReference; lastKnownFileType = sourcecode.swift; path = ListRowView.swift; sourceTree = "<group>"; };
		FD7EBCB82B04B5CE00032805 /* AddView.swift */ = {isa = PBXFileReference; lastKnownFileType = sourcecode.swift; path = AddView.swift; sourceTree = "<group>"; };
		FD7EBCBB2B04C1AF00032805 /* ItemModel.swift */ = {isa = PBXFileReference; lastKnownFileType = sourcecode.swift; path = ItemModel.swift; sourceTree = "<group>"; };
		FD7EBCBE2B04D5FB00032805 /* ListViewModel.swift */ = {isa = PBXFileReference; lastKnownFileType = sourcecode.swift; path = ListViewModel.swift; sourceTree = "<group>"; };
		FD7EBCC02B06801400032805 /* NoItemsView.swift */ = {isa = PBXFileReference; lastKnownFileType = sourcecode.swift; path = NoItemsView.swift; sourceTree = "<group>"; };
		FD7EBCC22B069C6B00032805 /* Info.plist */ = {isa = PBXFileReference; lastKnownFileType = text.plist; path = Info.plist; sourceTree = "<group>"; };
		FD7EBCC32B069D1200032805 /* LaunchScreen.storyboard */ = {isa = PBXFileReference; lastKnownFileType = file.storyboard; path = LaunchScreen.storyboard; sourceTree = "<group>"; };
/* End PBXFileReference section */

/* Begin PBXFrameworksBuildPhase section */
		FD7EBC832B0257C700032805 /* Frameworks */ = {
			isa = PBXFrameworksBuildPhase;
			buildActionMask = 2147483647;
			files = (
			);
			runOnlyForDeploymentPostprocessing = 0;
		};
		FD7EBC932B0257C800032805 /* Frameworks */ = {
			isa = PBXFrameworksBuildPhase;
			buildActionMask = 2147483647;
			files = (
			);
			runOnlyForDeploymentPostprocessing = 0;
		};
		FD7EBC9D2B0257C800032805 /* Frameworks */ = {
			isa = PBXFrameworksBuildPhase;
			buildActionMask = 2147483647;
			files = (
			);
			runOnlyForDeploymentPostprocessing = 0;
		};
/* End PBXFrameworksBuildPhase section */

/* Begin PBXGroup section */
		FD7EBC7D2B0257C700032805 = {
			isa = PBXGroup;
			children = (
				FD7EBC882B0257C700032805 /* TodoList */,
				FD7EBC992B0257C800032805 /* TodoListTests */,
				FD7EBCA32B0257C800032805 /* TodoListUITests */,
				FD7EBC872B0257C700032805 /* Products */,
			);
			sourceTree = "<group>";
		};
		FD7EBC872B0257C700032805 /* Products */ = {
			isa = PBXGroup;
			children = (
				FD7EBC862B0257C700032805 /* TodoList.app */,
				FD7EBC962B0257C800032805 /* TodoListTests.xctest */,
				FD7EBCA02B0257C800032805 /* TodoListUITests.xctest */,
			);
			name = Products;
			sourceTree = "<group>";
		};
		FD7EBC882B0257C700032805 /* TodoList */ = {
			isa = PBXGroup;
			children = (
				FD7EBCC22B069C6B00032805 /* Info.plist */,
				FD7EBC892B0257C700032805 /* TodoListApp.swift */,
				FD7EBCBA2B04C17400032805 /* Models */,
				FD7EBCBD2B04D58F00032805 /* ViewModels */,
				FD7EBCB32B02584200032805 /* Views */,
				FD7EBC8D2B0257C800032805 /* Assets.xcassets */,
				FD7EBC8F2B0257C800032805 /* Preview Content */,
			);
			path = TodoList;
			sourceTree = "<group>";
		};
		FD7EBC8F2B0257C800032805 /* Preview Content */ = {
			isa = PBXGroup;
			children = (
				FD7EBC902B0257C800032805 /* Preview Assets.xcassets */,
			);
			path = "Preview Content";
			sourceTree = "<group>";
		};
		FD7EBC992B0257C800032805 /* TodoListTests */ = {
			isa = PBXGroup;
			children = (
				FD7EBC9A2B0257C800032805 /* TodoListTests.swift */,
			);
			path = TodoListTests;
			sourceTree = "<group>";
		};
		FD7EBCA32B0257C800032805 /* TodoListUITests */ = {
			isa = PBXGroup;
			children = (
				FD7EBCA42B0257C800032805 /* TodoListUITests.swift */,
				FD7EBCA62B0257C800032805 /* TodoListUITestsLaunchTests.swift */,
			);
			path = TodoListUITests;
			sourceTree = "<group>";
		};
		FD7EBCB32B02584200032805 /* Views */ = {
			isa = PBXGroup;
			children = (
				FD7EBCB42B02586B00032805 /* ListView.swift */,
				FD7EBCB62B04B2BA00032805 /* ListRowView.swift */,
				FD7EBCB82B04B5CE00032805 /* AddView.swift */,
				FD7EBCC02B06801400032805 /* NoItemsView.swift */,
				FD7EBCC32B069D1200032805 /* LaunchScreen.storyboard */,
			);
			path = Views;
			sourceTree = "<group>";
		};
		FD7EBCBA2B04C17400032805 /* Models */ = {
			isa = PBXGroup;
			children = (
				FD7EBCBB2B04C1AF00032805 /* ItemModel.swift */,
			);
			path = Models;
			sourceTree = "<group>";
		};
		FD7EBCBD2B04D58F00032805 /* ViewModels */ = {
			isa = PBXGroup;
			children = (
				FD7EBCBE2B04D5FB00032805 /* ListViewModel.swift */,
			);
			path = ViewModels;
			sourceTree = "<group>";
		};
/* End PBXGroup section */

/* Begin PBXNativeTarget section */
		FD7EBC852B0257C700032805 /* TodoList */ = {
			isa = PBXNativeTarget;
			buildConfigurationList = FD7EBCAA2B0257C800032805 /* Build configuration list for PBXNativeTarget "TodoList" */;
			buildPhases = (
				FD7EBC822B0257C700032805 /* Sources */,
				FD7EBC832B0257C700032805 /* Frameworks */,
				FD7EBC842B0257C700032805 /* Resources */,
			);
			buildRules = (
			);
			dependencies = (
			);
			name = TodoList;
			productName = TodoList;
			productReference = FD7EBC862B0257C700032805 /* TodoList.app */;
			productType = "com.apple.product-type.application";
		};
		FD7EBC952B0257C800032805 /* TodoListTests */ = {
			isa = PBXNativeTarget;
			buildConfigurationList = FD7EBCAD2B0257C800032805 /* Build configuration list for PBXNativeTarget "TodoListTests" */;
			buildPhases = (
				FD7EBC922B0257C800032805 /* Sources */,
				FD7EBC932B0257C800032805 /* Frameworks */,
				FD7EBC942B0257C800032805 /* Resources */,
			);
			buildRules = (
			);
			dependencies = (
				FD7EBC982B0257C800032805 /* PBXTargetDependency */,
			);
			name = TodoListTests;
			productName = TodoListTests;
			productReference = FD7EBC962B0257C800032805 /* TodoListTests.xctest */;
			productType = "com.apple.product-type.bundle.unit-test";
		};
		FD7EBC9F2B0257C800032805 /* TodoListUITests */ = {
			isa = PBXNativeTarget;
			buildConfigurationList = FD7EBCB02B0257C800032805 /* Build configuration list for PBXNativeTarget "TodoListUITests" */;
			buildPhases = (
				FD7EBC9C2B0257C800032805 /* Sources */,
				FD7EBC9D2B0257C800032805 /* Frameworks */,
				FD7EBC9E2B0257C800032805 /* Resources */,
			);
			buildRules = (
			);
			dependencies = (
				FD7EBCA22B0257C800032805 /* PBXTargetDependency */,
			);
			name = TodoListUITests;
			productName = TodoListUITests;
			productReference = FD7EBCA02B0257C800032805 /* TodoListUITests.xctest */;
			productType = "com.apple.product-type.bundle.ui-testing";
		};
/* End PBXNativeTarget section */

/* Begin PBXProject section */
		FD7EBC7E2B0257C700032805 /* Project object */ = {
			isa = PBXProject;
			attributes = {
				BuildIndependentTargetsInParallel = 1;
				LastSwiftUpdateCheck = 1500;
				LastUpgradeCheck = 1500;
				TargetAttributes = {
					FD7EBC852B0257C700032805 = {
						CreatedOnToolsVersion = 15.0;
					};
					FD7EBC952B0257C800032805 = {
						CreatedOnToolsVersion = 15.0;
						TestTargetID = FD7EBC852B0257C700032805;
					};
					FD7EBC9F2B0257C800032805 = {
						CreatedOnToolsVersion = 15.0;
						TestTargetID = FD7EBC852B0257C700032805;
					};
				};
			};
			buildConfigurationList = FD7EBC812B0257C700032805 /* Build configuration list for PBXProject "TodoList" */;
			compatibilityVersion = "Xcode 14.0";
			developmentRegion = en;
			hasScannedForEncodings = 0;
			knownRegions = (
				en,
				Base,
			);
			mainGroup = FD7EBC7D2B0257C700032805;
			productRefGroup = FD7EBC872B0257C700032805 /* Products */;
			projectDirPath = "";
			projectRoot = "";
			targets = (
				FD7EBC852B0257C700032805 /* TodoList */,
				FD7EBC952B0257C800032805 /* TodoListTests */,
				FD7EBC9F2B0257C800032805 /* TodoListUITests */,
			);
		};
/* End PBXProject section */

/* Begin PBXResourcesBuildPhase section */
		FD7EBC842B0257C700032805 /* Resources */ = {
			isa = PBXResourcesBuildPhase;
			buildActionMask = 2147483647;
			files = (
				FD7EBCC42B069D1200032805 /* LaunchScreen.storyboard in Resources */,
				FD7EBC912B0257C800032805 /* Preview Assets.xcassets in Resources */,
				FD7EBC8E2B0257C800032805 /* Assets.xcassets in Resources */,
			);
			runOnlyForDeploymentPostprocessing = 0;
		};
		FD7EBC942B0257C800032805 /* Resources */ = {
			isa = PBXResourcesBuildPhase;
			buildActionMask = 2147483647;
			files = (
			);
			runOnlyForDeploymentPostprocessing = 0;
		};
		FD7EBC9E2B0257C800032805 /* Resources */ = {
			isa = PBXResourcesBuildPhase;
			buildActionMask = 2147483647;
			files = (
			);
			runOnlyForDeploymentPostprocessing = 0;
		};
/* End PBXResourcesBuildPhase section */

/* Begin PBXSourcesBuildPhase section */
		FD7EBC822B0257C700032805 /* Sources */ = {
			isa = PBXSourcesBuildPhase;
			buildActionMask = 2147483647;
			files = (
				FD7EBCBC2B04C1AF00032805 /* ItemModel.swift in Sources */,
				FD7EBCB92B04B5CE00032805 /* AddView.swift in Sources */,
				FD7EBCBF2B04D5FB00032805 /* ListViewModel.swift in Sources */,
				FD7EBC8A2B0257C700032805 /* TodoListApp.swift in Sources */,
				FD7EBCB52B02586B00032805 /* ListView.swift in Sources */,
				FD7EBCC12B06801400032805 /* NoItemsView.swift in Sources */,
				FD7EBCB72B04B2BA00032805 /* ListRowView.swift in Sources */,
			);
			runOnlyForDeploymentPostprocessing = 0;
		};
		FD7EBC922B0257C800032805 /* Sources */ = {
			isa = PBXSourcesBuildPhase;
			buildActionMask = 2147483647;
			files = (
				FD7EBC9B2B0257C800032805 /* TodoListTests.swift in Sources */,
			);
			runOnlyForDeploymentPostprocessing = 0;
		};
		FD7EBC9C2B0257C800032805 /* Sources */ = {
			isa = PBXSourcesBuildPhase;
			buildActionMask = 2147483647;
			files = (
				FD7EBCA72B0257C800032805 /* TodoListUITestsLaunchTests.swift in Sources */,
				FD7EBCA52B0257C800032805 /* TodoListUITests.swift in Sources */,
			);
			runOnlyForDeploymentPostprocessing = 0;
		};
/* End PBXSourcesBuildPhase section */

/* Begin PBXTargetDependency section */
		FD7EBC982B0257C800032805 /* PBXTargetDependency */ = {
			isa = PBXTargetDependency;
			target = FD7EBC852B0257C700032805 /* TodoList */;
			targetProxy = FD7EBC972B0257C800032805 /* PBXContainerItemProxy */;
		};
		FD7EBCA22B0257C800032805 /* PBXTargetDependency */ = {
			isa = PBXTargetDependency;
			target = FD7EBC852B0257C700032805 /* TodoList */;
			targetProxy = FD7EBCA12B0257C800032805 /* PBXContainerItemProxy */;
		};
/* End PBXTargetDependency section */

/* Begin XCBuildConfiguration section */
		FD7EBCA82B0257C800032805 /* Debug */ = {
			isa = XCBuildConfiguration;
			buildSettings = {
				ALWAYS_SEARCH_USER_PATHS = NO;
				ASSETCATALOG_COMPILER_GENERATE_SWIFT_ASSET_SYMBOL_EXTENSIONS = YES;
				CLANG_ANALYZER_NONNULL = YES;
				CLANG_ANALYZER_NUMBER_OBJECT_CONVERSION = YES_AGGRESSIVE;
				CLANG_CXX_LANGUAGE_STANDARD = "gnu++20";
				CLANG_ENABLE_MODULES = YES;
				CLANG_ENABLE_OBJC_ARC = YES;
				CLANG_ENABLE_OBJC_WEAK = YES;
				CLANG_WARN_BLOCK_CAPTURE_AUTORELEASING = YES;
				CLANG_WARN_BOOL_CONVERSION = YES;
				CLANG_WARN_COMMA = YES;
				CLANG_WARN_CONSTANT_CONVERSION = YES;
				CLANG_WARN_DEPRECATED_OBJC_IMPLEMENTATIONS = YES;
				CLANG_WARN_DIRECT_OBJC_ISA_USAGE = YES_ERROR;
				CLANG_WARN_DOCUMENTATION_COMMENTS = YES;
				CLANG_WARN_EMPTY_BODY = YES;
				CLANG_WARN_ENUM_CONVERSION = YES;
				CLANG_WARN_INFINITE_RECURSION = YES;
				CLANG_WARN_INT_CONVERSION = YES;
				CLANG_WARN_NON_LITERAL_NULL_CONVERSION = YES;
				CLANG_WARN_OBJC_IMPLICIT_RETAIN_SELF = YES;
				CLANG_WARN_OBJC_LITERAL_CONVERSION = YES;
				CLANG_WARN_OBJC_ROOT_CLASS = YES_ERROR;
				CLANG_WARN_QUOTED_INCLUDE_IN_FRAMEWORK_HEADER = YES;
				CLANG_WARN_RANGE_LOOP_ANALYSIS = YES;
				CLANG_WARN_STRICT_PROTOTYPES = YES;
				CLANG_WARN_SUSPICIOUS_MOVE = YES;
				CLANG_WARN_UNGUARDED_AVAILABILITY = YES_AGGRESSIVE;
				CLANG_WARN_UNREACHABLE_CODE = YES;
				CLANG_WARN__DUPLICATE_METHOD_MATCH = YES;
				COPY_PHASE_STRIP = NO;
				DEBUG_INFORMATION_FORMAT = dwarf;
				ENABLE_STRICT_OBJC_MSGSEND = YES;
				ENABLE_TESTABILITY = YES;
				ENABLE_USER_SCRIPT_SANDBOXING = YES;
				GCC_C_LANGUAGE_STANDARD = gnu17;
				GCC_DYNAMIC_NO_PIC = NO;
				GCC_NO_COMMON_BLOCKS = YES;
				GCC_OPTIMIZATION_LEVEL = 0;
				GCC_PREPROCESSOR_DEFINITIONS = (
					"DEBUG=1",
					"$(inherited)",
				);
				GCC_WARN_64_TO_32_BIT_CONVERSION = YES;
				GCC_WARN_ABOUT_RETURN_TYPE = YES_ERROR;
				GCC_WARN_UNDECLARED_SELECTOR = YES;
				GCC_WARN_UNINITIALIZED_AUTOS = YES_AGGRESSIVE;
				GCC_WARN_UNUSED_FUNCTION = YES;
				GCC_WARN_UNUSED_VARIABLE = YES;
				IPHONEOS_DEPLOYMENT_TARGET = 17.0;
				LOCALIZATION_PREFERS_STRING_CATALOGS = YES;
				MTL_ENABLE_DEBUG_INFO = INCLUDE_SOURCE;
				MTL_FAST_MATH = YES;
				ONLY_ACTIVE_ARCH = YES;
				SDKROOT = iphoneos;
				SWIFT_ACTIVE_COMPILATION_CONDITIONS = "DEBUG $(inherited)";
				SWIFT_OPTIMIZATION_LEVEL = "-Onone";
			};
			name = Debug;
		};
		FD7EBCA92B0257C800032805 /* Release */ = {
			isa = XCBuildConfiguration;
			buildSettings = {
				ALWAYS_SEARCH_USER_PATHS = NO;
				ASSETCATALOG_COMPILER_GENERATE_SWIFT_ASSET_SYMBOL_EXTENSIONS = YES;
				CLANG_ANALYZER_NONNULL = YES;
				CLANG_ANALYZER_NUMBER_OBJECT_CONVERSION = YES_AGGRESSIVE;
				CLANG_CXX_LANGUAGE_STANDARD = "gnu++20";
				CLANG_ENABLE_MODULES = YES;
				CLANG_ENABLE_OBJC_ARC = YES;
				CLANG_ENABLE_OBJC_WEAK = YES;
				CLANG_WARN_BLOCK_CAPTURE_AUTORELEASING = YES;
				CLANG_WARN_BOOL_CONVERSION = YES;
				CLANG_WARN_COMMA = YES;
				CLANG_WARN_CONSTANT_CONVERSION = YES;
				CLANG_WARN_DEPRECATED_OBJC_IMPLEMENTATIONS = YES;
				CLANG_WARN_DIRECT_OBJC_ISA_USAGE = YES_ERROR;
				CLANG_WARN_DOCUMENTATION_COMMENTS = YES;
				CLANG_WARN_EMPTY_BODY = YES;
				CLANG_WARN_ENUM_CONVERSION = YES;
				CLANG_WARN_INFINITE_RECURSION = YES;
				CLANG_WARN_INT_CONVERSION = YES;
				CLANG_WARN_NON_LITERAL_NULL_CONVERSION = YES;
				CLANG_WARN_OBJC_IMPLICIT_RETAIN_SELF = YES;
				CLANG_WARN_OBJC_LITERAL_CONVERSION = YES;
				CLANG_WARN_OBJC_ROOT_CLASS = YES_ERROR;
				CLANG_WARN_QUOTED_INCLUDE_IN_FRAMEWORK_HEADER = YES;
				CLANG_WARN_RANGE_LOOP_ANALYSIS = YES;
				CLANG_WARN_STRICT_PROTOTYPES = YES;
				CLANG_WARN_SUSPICIOUS_MOVE = YES;
				CLANG_WARN_UNGUARDED_AVAILABILITY = YES_AGGRESSIVE;
				CLANG_WARN_UNREACHABLE_CODE = YES;
				CLANG_WARN__DUPLICATE_METHOD_MATCH = YES;
				COPY_PHASE_STRIP = NO;
				DEBUG_INFORMATION_FORMAT = "dwarf-with-dsym";
				ENABLE_NS_ASSERTIONS = NO;
				ENABLE_STRICT_OBJC_MSGSEND = YES;
				ENABLE_USER_SCRIPT_SANDBOXING = YES;
				GCC_C_LANGUAGE_STANDARD = gnu17;
				GCC_NO_COMMON_BLOCKS = YES;
				GCC_WARN_64_TO_32_BIT_CONVERSION = YES;
				GCC_WARN_ABOUT_RETURN_TYPE = YES_ERROR;
				GCC_WARN_UNDECLARED_SELECTOR = YES;
				GCC_WARN_UNINITIALIZED_AUTOS = YES_AGGRESSIVE;
				GCC_WARN_UNUSED_FUNCTION = YES;
				GCC_WARN_UNUSED_VARIABLE = YES;
				IPHONEOS_DEPLOYMENT_TARGET = 17.0;
				LOCALIZATION_PREFERS_STRING_CATALOGS = YES;
				MTL_ENABLE_DEBUG_INFO = NO;
				MTL_FAST_MATH = YES;
				SDKROOT = iphoneos;
				SWIFT_COMPILATION_MODE = wholemodule;
				VALIDATE_PRODUCT = YES;
			};
			name = Release;
		};
		FD7EBCAB2B0257C800032805 /* Debug */ = {
			isa = XCBuildConfiguration;
			buildSettings = {
				ASSETCATALOG_COMPILER_APPICON_NAME = AppIcon;
				ASSETCATALOG_COMPILER_GLOBAL_ACCENT_COLOR_NAME = AccentColor;
				CODE_SIGN_STYLE = Automatic;
				CURRENT_PROJECT_VERSION = 1;
				DEVELOPMENT_ASSET_PATHS = "\"TodoList/Preview Content\"";
				DEVELOPMENT_TEAM = G6XPA2NXAY;
				ENABLE_PREVIEWS = YES;
				GENERATE_INFOPLIST_FILE = YES;
				INFOPLIST_FILE = TodoList/Info.plist;
				INFOPLIST_KEY_CFBundleDisplayName = "Todo List";
				INFOPLIST_KEY_UIApplicationSceneManifest_Generation = YES;
				INFOPLIST_KEY_UIApplicationSupportsIndirectInputEvents = YES;
				INFOPLIST_KEY_UILaunchStoryboardName = LaunchScreen.storyboard;
				INFOPLIST_KEY_UISupportedInterfaceOrientations_iPad = "UIInterfaceOrientationPortrait UIInterfaceOrientationPortraitUpsideDown UIInterfaceOrientationLandscapeLeft UIInterfaceOrientationLandscapeRight";
				INFOPLIST_KEY_UISupportedInterfaceOrientations_iPhone = "UIInterfaceOrientationPortrait UIInterfaceOrientationLandscapeLeft UIInterfaceOrientationLandscapeRight";
				LD_RUNPATH_SEARCH_PATHS = (
					"$(inherited)",
					"@executable_path/Frameworks",
				);
				MARKETING_VERSION = 1.0;
				PRODUCT_BUNDLE_IDENTIFIER = com.TodoList;
				PRODUCT_NAME = "$(TARGET_NAME)";
				SWIFT_EMIT_LOC_STRINGS = YES;
				SWIFT_VERSION = 5.0;
				TARGETED_DEVICE_FAMILY = "1,2";
			};
			name = Debug;
		};
		FD7EBCAC2B0257C800032805 /* Release */ = {
			isa = XCBuildConfiguration;
			buildSettings = {
				ASSETCATALOG_COMPILER_APPICON_NAME = AppIcon;
				ASSETCATALOG_COMPILER_GLOBAL_ACCENT_COLOR_NAME = AccentColor;
				CODE_SIGN_STYLE = Automatic;
				CURRENT_PROJECT_VERSION = 1;
				DEVELOPMENT_ASSET_PATHS = "\"TodoList/Preview Content\"";
				DEVELOPMENT_TEAM = G6XPA2NXAY;
				ENABLE_PREVIEWS = YES;
				GENERATE_INFOPLIST_FILE = YES;
				INFOPLIST_FILE = TodoList/Info.plist;
				INFOPLIST_KEY_CFBundleDisplayName = "Todo List";
				INFOPLIST_KEY_UIApplicationSceneManifest_Generation = YES;
				INFOPLIST_KEY_UIApplicationSupportsIndirectInputEvents = YES;
				INFOPLIST_KEY_UILaunchStoryboardName = LaunchScreen.storyboard;
				INFOPLIST_KEY_UISupportedInterfaceOrientations_iPad = "UIInterfaceOrientationPortrait UIInterfaceOrientationPortraitUpsideDown UIInterfaceOrientationLandscapeLeft UIInterfaceOrientationLandscapeRight";
				INFOPLIST_KEY_UISupportedInterfaceOrientations_iPhone = "UIInterfaceOrientationPortrait UIInterfaceOrientationLandscapeLeft UIInterfaceOrientationLandscapeRight";
				LD_RUNPATH_SEARCH_PATHS = (
					"$(inherited)",
					"@executable_path/Frameworks",
				);
				MARKETING_VERSION = 1.0;
				PRODUCT_BUNDLE_IDENTIFIER = com.TodoList;
				PRODUCT_NAME = "$(TARGET_NAME)";
				SWIFT_EMIT_LOC_STRINGS = YES;
				SWIFT_VERSION = 5.0;
				TARGETED_DEVICE_FAMILY = "1,2";
			};
			name = Release;
		};
		FD7EBCAE2B0257C800032805 /* Debug */ = {
			isa = XCBuildConfiguration;
			buildSettings = {
				ALWAYS_EMBED_SWIFT_STANDARD_LIBRARIES = YES;
				BUNDLE_LOADER = "$(TEST_HOST)";
				CODE_SIGN_STYLE = Automatic;
				CURRENT_PROJECT_VERSION = 1;
				DEVELOPMENT_TEAM = G6XPA2NXAY;
				GENERATE_INFOPLIST_FILE = YES;
				IPHONEOS_DEPLOYMENT_TARGET = 17.0;
				MARKETING_VERSION = 1.0;
				PRODUCT_BUNDLE_IDENTIFIER = com.TodoListTests;
				PRODUCT_NAME = "$(TARGET_NAME)";
				SWIFT_EMIT_LOC_STRINGS = NO;
				SWIFT_VERSION = 5.0;
				TARGETED_DEVICE_FAMILY = "1,2";
				TEST_HOST = "$(BUILT_PRODUCTS_DIR)/TodoList.app/$(BUNDLE_EXECUTABLE_FOLDER_PATH)/TodoList";
			};
			name = Debug;
		};
		FD7EBCAF2B0257C800032805 /* Release */ = {
			isa = XCBuildConfiguration;
			buildSettings = {
				ALWAYS_EMBED_SWIFT_STANDARD_LIBRARIES = YES;
				BUNDLE_LOADER = "$(TEST_HOST)";
				CODE_SIGN_STYLE = Automatic;
				CURRENT_PROJECT_VERSION = 1;
				DEVELOPMENT_TEAM = G6XPA2NXAY;
				GENERATE_INFOPLIST_FILE = YES;
				IPHONEOS_DEPLOYMENT_TARGET = 17.0;
				MARKETING_VERSION = 1.0;
				PRODUCT_BUNDLE_IDENTIFIER = com.TodoListTests;
				PRODUCT_NAME = "$(TARGET_NAME)";
				SWIFT_EMIT_LOC_STRINGS = NO;
				SWIFT_VERSION = 5.0;
				TARGETED_DEVICE_FAMILY = "1,2";
				TEST_HOST = "$(BUILT_PRODUCTS_DIR)/TodoList.app/$(BUNDLE_EXECUTABLE_FOLDER_PATH)/TodoList";
			};
			name = Release;
		};
		FD7EBCB12B0257C800032805 /* Debug */ = {
			isa = XCBuildConfiguration;
			buildSettings = {
				ALWAYS_EMBED_SWIFT_STANDARD_LIBRARIES = YES;
				CODE_SIGN_STYLE = Automatic;
				CURRENT_PROJECT_VERSION = 1;
				DEVELOPMENT_TEAM = G6XPA2NXAY;
				GENERATE_INFOPLIST_FILE = YES;
				MARKETING_VERSION = 1.0;
				PRODUCT_BUNDLE_IDENTIFIER = com.TodoListUITests;
				PRODUCT_NAME = "$(TARGET_NAME)";
				SWIFT_EMIT_LOC_STRINGS = NO;
				SWIFT_VERSION = 5.0;
				TARGETED_DEVICE_FAMILY = "1,2";
				TEST_TARGET_NAME = TodoList;
			};
			name = Debug;
		};
		FD7EBCB22B0257C800032805 /* Release */ = {
			isa = XCBuildConfiguration;
			buildSettings = {
				ALWAYS_EMBED_SWIFT_STANDARD_LIBRARIES = YES;
				CODE_SIGN_STYLE = Automatic;
				CURRENT_PROJECT_VERSION = 1;
				DEVELOPMENT_TEAM = G6XPA2NXAY;
				GENERATE_INFOPLIST_FILE = YES;
				MARKETING_VERSION = 1.0;
				PRODUCT_BUNDLE_IDENTIFIER = com.TodoListUITests;
				PRODUCT_NAME = "$(TARGET_NAME)";
				SWIFT_EMIT_LOC_STRINGS = NO;
				SWIFT_VERSION = 5.0;
				TARGETED_DEVICE_FAMILY = "1,2";
				TEST_TARGET_NAME = TodoList;
			};
			name = Release;
		};
/* End XCBuildConfiguration section */

/* Begin XCConfigurationList section */
		FD7EBC812B0257C700032805 /* Build configuration list for PBXProject "TodoList" */ = {
			isa = XCConfigurationList;
			buildConfigurations = (
				FD7EBCA82B0257C800032805 /* Debug */,
				FD7EBCA92B0257C800032805 /* Release */,
			);
			defaultConfigurationIsVisible = 0;
			defaultConfigurationName = Release;
		};
		FD7EBCAA2B0257C800032805 /* Build configuration list for PBXNativeTarget "TodoList" */ = {
			isa = XCConfigurationList;
			buildConfigurations = (
				FD7EBCAB2B0257C800032805 /* Debug */,
				FD7EBCAC2B0257C800032805 /* Release */,
			);
			defaultConfigurationIsVisible = 0;
			defaultConfigurationName = Release;
		};
		FD7EBCAD2B0257C800032805 /* Build configuration list for PBXNativeTarget "TodoListTests" */ = {
			isa = XCConfigurationList;
			buildConfigurations = (
				FD7EBCAE2B0257C800032805 /* Debug */,
				FD7EBCAF2B0257C800032805 /* Release */,
			);
			defaultConfigurationIsVisible = 0;
			defaultConfigurationName = Release;
		};
		FD7EBCB02B0257C800032805 /* Build configuration list for PBXNativeTarget "TodoListUITests" */ = {
			isa = XCConfigurationList;
			buildConfigurations = (
				FD7EBCB12B0257C800032805 /* Debug */,
				FD7EBCB22B0257C800032805 /* Release */,
			);
			defaultConfigurationIsVisible = 0;
			defaultConfigurationName = Release;
		};
/* End XCConfigurationList section */
	};
	rootObject = FD7EBC7E2B0257C700032805 /* Project object */;
}
